
Microsoft Visual Studio Solution File, Format Version 12.00
# Visual Studio Version 16
VisualStudioVersion = 16.0.31911.196
MinimumVisualStudioVersion = 10.0.40219.1
Project("{F184B08F-C81C-45F6-A57F-5ABD9991F28F}") = "ConsontoSite", "ConsontoSite\ConsontoSite.vbproj", "{C705C0F4-7CBB-41D6-A70E-8EBF91F4D747}"
EndProject
Global
	GlobalSection(SolutionConfigurationPlatforms) = preSolution
		Debug|Any CPU = Debug|Any CPU
		Release|Any CPU = Release|Any CPU
	EndGlobalSection
	GlobalSection(ProjectConfigurationPlatforms) = postSolution
		{C705C0F4-7CBB-41D6-A70E-8EBF91F4D747}.Debug|Any CPU.ActiveCfg = Debug|Any CPU
		{C705C0F4-7CBB-41D6-A70E-8EBF91F4D747}.Debug|Any CPU.Build.0 = Debug|Any CPU
		{C705C0F4-7CBB-41D6-A70E-8EBF91F4D747}.Release|Any CPU.ActiveCfg = Release|Any CPU
		{C705C0F4-7CBB-41D6-A70E-8EBF91F4D747}.Release|Any CPU.Build.0 = Release|Any CPU
	EndGlobalSection
	GlobalSection(SolutionProperties) = preSolution
		HideSolutionNode = FALSE
	EndGlobalSection
	GlobalSection(ExtensibilityGlobals) = postSolution
		SolutionGuid = {55D73CA6-8E6D-4F69-A1AD-3F63438CC579}
	EndGlobalSection
EndGlobal
